PODS:
  - pop (1.0.9)
  - RainyRefreshControl (0.2.0):
    - pop (= 1.0.9)

DEPENDENCIES:
  - RainyRefreshControl (from `https://github.com/Onix-Systems/RainyRefreshControl`, branch `feature/remove-sample-project`)

EXTERNAL SOURCES:
  RainyRefreshControl:
    :branch: feature/remove-sample-project
    :git: https://github.com/Onix-Systems/RainyRefreshControl

CHECKOUT OPTIONS:
  RainyRefreshControl:
    :commit: 3d411c66108c9022a173f3b7275d94cd0668a8ea
    :git: https://github.com/Onix-Systems/RainyRefreshControl

SPEC CHECKSUMS:
  pop: f667631a5108a2e60d9e8797c9b32ddaf2080bce
  RainyRefreshControl: e4718413438a92edfce3e90b74cba0e5fccfd88a

PODFILE CHECKSUM: 19b644a50858bac13f7f1af5ee9d9728d76ac170

COCOAPODS: 1.2.0.beta.3
