PODS:
  - pop (1.0.9)

DEPENDENCIES:
  - pop (from `https://github.com/facebook/pop.git`)

EXTERNAL SOURCES:
  pop:
    :git: https://github.com/facebook/pop.git

CHECKOUT OPTIONS:
  pop:
    :commit: 92b2c5b7bcad64f7507da34f921492c71ff1d330
    :git: https://github.com/facebook/pop.git

SPEC CHECKSUMS:
  pop: f667631a5108a2e60d9e8797c9b32ddaf2080bce

PODFILE CHECKSUM: 1389a3a84e01e54a3313888d6e89312b7687a9ae

COCOAPODS: 1.1.1
