// !$*UTF8*$!
{
	archiveVersion = 1;
	classes = {
	};
	objectVersion = 46;
	objects = {

/* Begin PBXBuildFile section */
		3481E09B1DD9EA7F00326856 /* AppDelegate.swift in Sources */ = {isa = PBXBuildFile; fileRef = 3481E09A1DD9EA7F00326856 /* AppDelegate.swift */; };
		3481E09D1DD9EA7F00326856 /* ViewController.swift in Sources */ = {isa = PBXBuildFile; fileRef = 3481E09C1DD9EA7F00326856 /* ViewController.swift */; };
		3481E0A01DD9EA7F00326856 /* Main.storyboard in Resources */ = {isa = PBXBuildFile; fileRef = 3481E09E1DD9EA7F00326856 /* Main.storyboard */; };
		3481E0A21DD9EA7F00326856 /* Assets.xcassets in Resources */ = {isa = PBXBuildFile; fileRef = 3481E0A11DD9EA7F00326856 /* Assets.xcassets */; };
		3481E0A51DD9EA7F00326856 /* LaunchScreen.storyboard in Resources */ = {isa = PBXBuildFile; fileRef = 3481E0A31DD9EA7F00326856 /* LaunchScreen.storyboard */; };
		3481E0AE1DD9EA8B00326856 /* SpriteKit.framework in Frameworks */ = {isa = PBXBuildFile; fileRef = 3481E0AD1DD9EA8B00326856 /* SpriteKit.framework */; };
		3481E0B01DD9EA9400326856 /* rain.sks in Resources */ = {isa = PBXBuildFile; fileRef = 3481E0AF1DD9EA9400326856 /* rain.sks */; };
		3481E0B31DD9EAC500326856 /* RainScene.swift in Sources */ = {isa = PBXBuildFile; fileRef = 3481E0B11DD9EAC500326856 /* RainScene.swift */; };
		3481E0B41DD9EAC500326856 /* RainyRefreshControl.swift in Sources */ = {isa = PBXBuildFile; fileRef = 3481E0B21DD9EAC500326856 /* RainyRefreshControl.swift */; };
		34C94FFB1DE72D0400298B42 /* CustomCell.swift in Sources */ = {isa = PBXBuildFile; fileRef = 34C94FFA1DE72D0400298B42 /* CustomCell.swift */; };
		34E3C27D1DDC7C1F004E5043 /* Umbrella.swift in Sources */ = {isa = PBXBuildFile; fileRef = 34E3C27C1DDC7C1F004E5043 /* Umbrella.swift */; };
		CCE8F2D38FB85D7B4FDB6314 /* Pods_RainyRefresh.framework in Frameworks */ = {isa = PBXBuildFile; fileRef = 3C908490ABE8126E51CB17E1 /* Pods_RainyRefresh.framework */; };
/* End PBXBuildFile section */

/* Begin PBXFileReference section */
		3481E0971DD9EA7F00326856 /* RainyRefresh.app */ = {isa = PBXFileReference; explicitFileType = wrapper.application; includeInIndex = 0; path = RainyRefresh.app; sourceTree = BUILT_PRODUCTS_DIR; };
		3481E09A1DD9EA7F00326856 /* AppDelegate.swift */ = {isa = PBXFileReference; lastKnownFileType = sourcecode.swift; path = AppDelegate.swift; sourceTree = "<group>"; };
		3481E09C1DD9EA7F00326856 /* ViewController.swift */ = {isa = PBXFileReference; lastKnownFileType = sourcecode.swift; path = ViewController.swift; sourceTree = "<group>"; };
		3481E09F1DD9EA7F00326856 /* Base */ = {isa = PBXFileReference; lastKnownFileType = file.storyboard; name = Base; path = Base.lproj/Main.storyboard; sourceTree = "<group>"; };
		3481E0A11DD9EA7F00326856 /* Assets.xcassets */ = {isa = PBXFileReference; lastKnownFileType = folder.assetcatalog; path = Assets.xcassets; sourceTree = "<group>"; };
		3481E0A41DD9EA7F00326856 /* Base */ = {isa = PBXFileReference; lastKnownFileType = file.storyboard; name = Base; path = Base.lproj/LaunchScreen.storyboard; sourceTree = "<group>"; };
		3481E0A61DD9EA7F00326856 /* Info.plist */ = {isa = PBXFileReference; lastKnownFileType = text.plist.xml; path = Info.plist; sourceTree = "<group>"; };
		3481E0AD1DD9EA8B00326856 /* SpriteKit.framework */ = {isa = PBXFileReference; lastKnownFileType = wrapper.framework; name = SpriteKit.framework; path = System/Library/Frameworks/SpriteKit.framework; sourceTree = SDKROOT; };
		3481E0AF1DD9EA9400326856 /* rain.sks */ = {isa = PBXFileReference; lastKnownFileType = file.sks; path = rain.sks; sourceTree = "<group>"; };
		3481E0B11DD9EAC500326856 /* RainScene.swift */ = {isa = PBXFileReference; fileEncoding = 4; lastKnownFileType = sourcecode.swift; path = RainScene.swift; sourceTree = "<group>"; };
		3481E0B21DD9EAC500326856 /* RainyRefreshControl.swift */ = {isa = PBXFileReference; fileEncoding = 4; lastKnownFileType = sourcecode.swift; path = RainyRefreshControl.swift; sourceTree = "<group>"; };
		34C94FFA1DE72D0400298B42 /* CustomCell.swift */ = {isa = PBXFileReference; fileEncoding = 4; lastKnownFileType = sourcecode.swift; path = CustomCell.swift; sourceTree = "<group>"; };
		34E3C27C1DDC7C1F004E5043 /* Umbrella.swift */ = {isa = PBXFileReference; fileEncoding = 4; lastKnownFileType = sourcecode.swift; path = Umbrella.swift; sourceTree = "<group>"; };
		3C908490ABE8126E51CB17E1 /* Pods_RainyRefresh.framework */ = {isa = PBXFileReference; explicitFileType = wrapper.framework; includeInIndex = 0; path = Pods_RainyRefresh.framework; sourceTree = BUILT_PRODUCTS_DIR; };
		8A89860DBD59E4D48B5F8E73 /* Pods-RainyRefresh.debug.xcconfig */ = {isa = PBXFileReference; includeInIndex = 1; lastKnownFileType = text.xcconfig; name = "Pods-RainyRefresh.debug.xcconfig"; path = "Pods/Target Support Files/Pods-RainyRefresh/Pods-RainyRefresh.debug.xcconfig"; sourceTree = "<group>"; };
		AD37B6866B17BC67AE6A7244 /* Pods-RainyRefresh.release.xcconfig */ = {isa = PBXFileReference; includeInIndex = 1; lastKnownFileType = text.xcconfig; name = "Pods-RainyRefresh.release.xcconfig"; path = "Pods/Target Support Files/Pods-RainyRefresh/Pods-RainyRefresh.release.xcconfig"; sourceTree = "<group>"; };
/* End PBXFileReference section */

/* Begin PBXFrameworksBuildPhase section */
		3481E0941DD9EA7F00326856 /* Frameworks */ = {
			isa = PBXFrameworksBuildPhase;
			buildActionMask = 2147483647;
			files = (
				3481E0AE1DD9EA8B00326856 /* SpriteKit.framework in Frameworks */,
				CCE8F2D38FB85D7B4FDB6314 /* Pods_RainyRefresh.framework in Frameworks */,
			);
			runOnlyForDeploymentPostprocessing = 0;
		};
/* End PBXFrameworksBuildPhase section */

/* Begin PBXGroup section */
		2E4D715A5426F14F0528C2F5 /* Pods */ = {
			isa = PBXGroup;
			children = (
				8A89860DBD59E4D48B5F8E73 /* Pods-RainyRefresh.debug.xcconfig */,
				AD37B6866B17BC67AE6A7244 /* Pods-RainyRefresh.release.xcconfig */,
			);
			name = Pods;
			sourceTree = "<group>";
		};
		3481E08E1DD9EA7F00326856 = {
			isa = PBXGroup;
			children = (
				3481E0991DD9EA7F00326856 /* RainyRefresh */,
				3481E0981DD9EA7F00326856 /* Products */,
				3481E0AC1DD9EA8B00326856 /* Frameworks */,
				2E4D715A5426F14F0528C2F5 /* Pods */,
			);
			sourceTree = "<group>";
		};
		3481E0981DD9EA7F00326856 /* Products */ = {
			isa = PBXGroup;
			children = (
				3481E0971DD9EA7F00326856 /* RainyRefresh.app */,
			);
			name = Products;
			sourceTree = "<group>";
		};
		3481E0991DD9EA7F00326856 /* RainyRefresh */ = {
			isa = PBXGroup;
			children = (
				3481E0B11DD9EAC500326856 /* RainScene.swift */,
				3481E0B21DD9EAC500326856 /* RainyRefreshControl.swift */,
				3481E09A1DD9EA7F00326856 /* AppDelegate.swift */,
				3481E09C1DD9EA7F00326856 /* ViewController.swift */,
				3481E09E1DD9EA7F00326856 /* Main.storyboard */,
				3481E0A11DD9EA7F00326856 /* Assets.xcassets */,
				3481E0A31DD9EA7F00326856 /* LaunchScreen.storyboard */,
				3481E0A61DD9EA7F00326856 /* Info.plist */,
				3481E0AF1DD9EA9400326856 /* rain.sks */,
				34E3C27C1DDC7C1F004E5043 /* Umbrella.swift */,
				34C94FFA1DE72D0400298B42 /* CustomCell.swift */,
			);
			path = RainyRefresh;
			sourceTree = "<group>";
		};
		3481E0AC1DD9EA8B00326856 /* Frameworks */ = {
			isa = PBXGroup;
			children = (
				3481E0AD1DD9EA8B00326856 /* SpriteKit.framework */,
				3C908490ABE8126E51CB17E1 /* Pods_RainyRefresh.framework */,
			);
			name = Frameworks;
			sourceTree = "<group>";
		};
/* End PBXGroup section */

/* Begin PBXNativeTarget section */
		3481E0961DD9EA7F00326856 /* RainyRefresh */ = {
			isa = PBXNativeTarget;
			buildConfigurationList = 3481E0A91DD9EA7F00326856 /* Build configuration list for PBXNativeTarget "RainyRefresh" */;
			buildPhases = (
				220815D5607BBC2B642DCF81 /* [CP] Check Pods Manifest.lock */,
				3481E0931DD9EA7F00326856 /* Sources */,
				3481E0941DD9EA7F00326856 /* Frameworks */,
				3481E0951DD9EA7F00326856 /* Resources */,
				6E22DEABE103CA888657ED38 /* [CP] Embed Pods Frameworks */,
				FD5AD6265E1E3009D6066EEC /* [CP] Copy Pods Resources */,
			);
			buildRules = (
			);
			dependencies = (
			);
			name = RainyRefresh;
			productName = RainyRefresh;
			productReference = 3481E0971DD9EA7F00326856 /* RainyRefresh.app */;
			productType = "com.apple.product-type.application";
		};
/* End PBXNativeTarget section */

/* Begin PBXProject section */
		3481E08F1DD9EA7F00326856 /* Project object */ = {
			isa = PBXProject;
			attributes = {
				LastSwiftUpdateCheck = 0810;
				LastUpgradeCheck = 0810;
				ORGANIZATIONNAME = "Onix Systems";
				TargetAttributes = {
					3481E0961DD9EA7F00326856 = {
						CreatedOnToolsVersion = 8.1;
						ProvisioningStyle = Automatic;
					};
				};
			};
			buildConfigurationList = 3481E0921DD9EA7F00326856 /* Build configuration list for PBXProject "RainyRefresh" */;
			compatibilityVersion = "Xcode 3.2";
			developmentRegion = English;
			hasScannedForEncodings = 0;
			knownRegions = (
				en,
				Base,
			);
			mainGroup = 3481E08E1DD9EA7F00326856;
			productRefGroup = 3481E0981DD9EA7F00326856 /* Products */;
			projectDirPath = "";
			projectRoot = "";
			targets = (
				3481E0961DD9EA7F00326856 /* RainyRefresh */,
			);
		};
/* End PBXProject section */

/* Begin PBXResourcesBuildPhase section */
		3481E0951DD9EA7F00326856 /* Resources */ = {
			isa = PBXResourcesBuildPhase;
			buildActionMask = 2147483647;
			files = (
				3481E0A51DD9EA7F00326856 /* LaunchScreen.storyboard in Resources */,
				3481E0A21DD9EA7F00326856 /* Assets.xcassets in Resources */,
				3481E0A01DD9EA7F00326856 /* Main.storyboard in Resources */,
				3481E0B01DD9EA9400326856 /* rain.sks in Resources */,
			);
			runOnlyForDeploymentPostprocessing = 0;
		};
/* End PBXResourcesBuildPhase section */

/* Begin PBXShellScriptBuildPhase section */
		220815D5607BBC2B642DCF81 /* [CP] Check Pods Manifest.lock */ = {
			isa = PBXShellScriptBuildPhase;
			buildActionMask = 2147483647;
			files = (
			);
			inputPaths = (
			);
			name = "[CP] Check Pods Manifest.lock";
			outputPaths = (
			);
			runOnlyForDeploymentPostprocessing = 0;
			shellPath = /bin/sh;
			shellScript = "diff \"${PODS_ROOT}/../Podfile.lock\" \"${PODS_ROOT}/Manifest.lock\" > /dev/null\nif [ $? != 0 ] ; then\n    # print error to STDERR\n    echo \"error: The sandbox is not in sync with the Podfile.lock. Run 'pod install' or update your CocoaPods installation.\" >&2\n    exit 1\nfi\n";
			showEnvVarsInLog = 0;
		};
		6E22DEABE103CA888657ED38 /* [CP] Embed Pods Frameworks */ = {
			isa = PBXShellScriptBuildPhase;
			buildActionMask = 2147483647;
			files = (
			);
			inputPaths = (
			);
			name = "[CP] Embed Pods Frameworks";
			outputPaths = (
			);
			runOnlyForDeploymentPostprocessing = 0;
			shellPath = /bin/sh;
			shellScript = "\"${SRCROOT}/Pods/Target Support Files/Pods-RainyRefresh/Pods-RainyRefresh-frameworks.sh\"\n";
			showEnvVarsInLog = 0;
		};
		FD5AD6265E1E3009D6066EEC /* [CP] Copy Pods Resources */ = {
			isa = PBXShellScriptBuildPhase;
			buildActionMask = 2147483647;
			files = (
			);
			inputPaths = (
			);
			name = "[CP] Copy Pods Resources";
			outputPaths = (
			);
			runOnlyForDeploymentPostprocessing = 0;
			shellPath = /bin/sh;
			shellScript = "\"${SRCROOT}/Pods/Target Support Files/Pods-RainyRefresh/Pods-RainyRefresh-resources.sh\"\n";
			showEnvVarsInLog = 0;
		};
/* End PBXShellScriptBuildPhase section */

/* Begin PBXSourcesBuildPhase section */
		3481E0931DD9EA7F00326856 /* Sources */ = {
			isa = PBXSourcesBuildPhase;
			buildActionMask = 2147483647;
			files = (
				3481E09D1DD9EA7F00326856 /* ViewController.swift in Sources */,
				34E3C27D1DDC7C1F004E5043 /* Umbrella.swift in Sources */,
				3481E0B31DD9EAC500326856 /* RainScene.swift in Sources */,
				3481E09B1DD9EA7F00326856 /* AppDelegate.swift in Sources */,
				34C94FFB1DE72D0400298B42 /* CustomCell.swift in Sources */,
				3481E0B41DD9EAC500326856 /* RainyRefreshControl.swift in Sources */,
			);
			runOnlyForDeploymentPostprocessing = 0;
		};
/* End PBXSourcesBuildPhase section */

/* Begin PBXVariantGroup section */
		3481E09E1DD9EA7F00326856 /* Main.storyboard */ = {
			isa = PBXVariantGroup;
			children = (
				3481E09F1DD9EA7F00326856 /* Base */,
			);
			name = Main.storyboard;
			sourceTree = "<group>";
		};
		3481E0A31DD9EA7F00326856 /* LaunchScreen.storyboard */ = {
			isa = PBXVariantGroup;
			children = (
				3481E0A41DD9EA7F00326856 /* Base */,
			);
			name = LaunchScreen.storyboard;
			sourceTree = "<group>";
		};
/* End PBXVariantGroup section */

/* Begin XCBuildConfiguration section */
		3481E0A71DD9EA7F00326856 /* Debug */ = {
			isa = XCBuildConfiguration;
			buildSettings = {
				ALWAYS_SEARCH_USER_PATHS = NO;
				CLANG_ANALYZER_NONNULL = YES;
				CLANG_CXX_LANGUAGE_STANDARD = "gnu++0x";
				CLANG_CXX_LIBRARY = "libc++";
				CLANG_ENABLE_MODULES = YES;
				CLANG_ENABLE_OBJC_ARC = YES;
				CLANG_WARN_BOOL_CONVERSION = YES;
				CLANG_WARN_CONSTANT_CONVERSION = YES;
				CLANG_WARN_DIRECT_OBJC_ISA_USAGE = YES_ERROR;
				CLANG_WARN_DOCUMENTATION_COMMENTS = YES;
				CLANG_WARN_EMPTY_BODY = YES;
				CLANG_WARN_ENUM_CONVERSION = YES;
				CLANG_WARN_INFINITE_RECURSION = YES;
				CLANG_WARN_INT_CONVERSION = YES;
				CLANG_WARN_OBJC_ROOT_CLASS = YES_ERROR;
				CLANG_WARN_SUSPICIOUS_MOVES = YES;
				CLANG_WARN_UNREACHABLE_CODE = YES;
				CLANG_WARN__DUPLICATE_METHOD_MATCH = YES;
				"CODE_SIGN_IDENTITY[sdk=iphoneos*]" = "iPhone Developer";
				COPY_PHASE_STRIP = NO;
				DEBUG_INFORMATION_FORMAT = dwarf;
				ENABLE_STRICT_OBJC_MSGSEND = YES;
				ENABLE_TESTABILITY = YES;
				GCC_C_LANGUAGE_STANDARD = gnu99;
				GCC_DYNAMIC_NO_PIC = NO;
				GCC_NO_COMMON_BLOCKS = YES;
				GCC_OPTIMIZATION_LEVEL = 0;
				GCC_PREPROCESSOR_DEFINITIONS = (
					"DEBUG=1",
					"$(inherited)",
				);
				GCC_WARN_64_TO_32_BIT_CONVERSION = YES;
				GCC_WARN_ABOUT_RETURN_TYPE = YES_ERROR;
				GCC_WARN_UNDECLARED_SELECTOR = YES;
				GCC_WARN_UNINITIALIZED_AUTOS = YES_AGGRESSIVE;
				GCC_WARN_UNUSED_FUNCTION = YES;
				GCC_WARN_UNUSED_VARIABLE = YES;
				IPHONEOS_DEPLOYMENT_TARGET = 9.0;
				MTL_ENABLE_DEBUG_INFO = YES;
				ONLY_ACTIVE_ARCH = YES;
				SDKROOT = iphoneos;
				SWIFT_ACTIVE_COMPILATION_CONDITIONS = DEBUG;
				SWIFT_OPTIMIZATION_LEVEL = "-Onone";
			};
			name = Debug;
		};
		3481E0A81DD9EA7F00326856 /* Release */ = {
			isa = XCBuildConfiguration;
			buildSettings = {
				ALWAYS_SEARCH_USER_PATHS = NO;
				CLANG_ANALYZER_NONNULL = YES;
				CLANG_CXX_LANGUAGE_STANDARD = "gnu++0x";
				CLANG_CXX_LIBRARY = "libc++";
				CLANG_ENABLE_MODULES = YES;
				CLANG_ENABLE_OBJC_ARC = YES;
				CLANG_WARN_BOOL_CONVERSION = YES;
				CLANG_WARN_CONSTANT_CONVERSION = YES;
				CLANG_WARN_DIRECT_OBJC_ISA_USAGE = YES_ERROR;
				CLANG_WARN_DOCUMENTATION_COMMENTS = YES;
				CLANG_WARN_EMPTY_BODY = YES;
				CLANG_WARN_ENUM_CONVERSION = YES;
				CLANG_WARN_INFINITE_RECURSION = YES;
				CLANG_WARN_INT_CONVERSION = YES;
				CLANG_WARN_OBJC_ROOT_CLASS = YES_ERROR;
				CLANG_WARN_SUSPICIOUS_MOVES = YES;
				CLANG_WARN_UNREACHABLE_CODE = YES;
				CLANG_WARN__DUPLICATE_METHOD_MATCH = YES;
				"CODE_SIGN_IDENTITY[sdk=iphoneos*]" = "iPhone Developer";
				COPY_PHASE_STRIP = NO;
				DEBUG_INFORMATION_FORMAT = "dwarf-with-dsym";
				ENABLE_NS_ASSERTIONS = NO;
				ENABLE_STRICT_OBJC_MSGSEND = YES;
				GCC_C_LANGUAGE_STANDARD = gnu99;
				GCC_NO_COMMON_BLOCKS = YES;
				GCC_WARN_64_TO_32_BIT_CONVERSION = YES;
				GCC_WARN_ABOUT_RETURN_TYPE = YES_ERROR;
				GCC_WARN_UNDECLARED_SELECTOR = YES;
				GCC_WARN_UNINITIALIZED_AUTOS = YES_AGGRESSIVE;
				GCC_WARN_UNUSED_FUNCTION = YES;
				GCC_WARN_UNUSED_VARIABLE = YES;
				IPHONEOS_DEPLOYMENT_TARGET = 9.0;
				MTL_ENABLE_DEBUG_INFO = NO;
				SDKROOT = iphoneos;
				SWIFT_OPTIMIZATION_LEVEL = "-Owholemodule";
				VALIDATE_PRODUCT = YES;
			};
			name = Release;
		};
		3481E0AA1DD9EA7F00326856 /* Debug */ = {
			isa = XCBuildConfiguration;
			baseConfigurationReference = 8A89860DBD59E4D48B5F8E73 /* Pods-RainyRefresh.debug.xcconfig */;
			buildSettings = {
				ASSETCATALOG_COMPILER_APPICON_NAME = AppIcon;
				INFOPLIST_FILE = RainyRefresh/Info.plist;
				IPHONEOS_DEPLOYMENT_TARGET = 9.0;
				LD_RUNPATH_SEARCH_PATHS = "$(inherited) @executable_path/Frameworks";
				PRODUCT_BUNDLE_IDENTIFIER = com.smallthings.HiredOnPhone.RainyRefresh;
				PRODUCT_NAME = "$(TARGET_NAME)";
				SWIFT_VERSION = 3.0;
			};
			name = Debug;
		};
		3481E0AB1DD9EA7F00326856 /* Release */ = {
			isa = XCBuildConfiguration;
			baseConfigurationReference = AD37B6866B17BC67AE6A7244 /* Pods-RainyRefresh.release.xcconfig */;
			buildSettings = {
				ASSETCATALOG_COMPILER_APPICON_NAME = AppIcon;
				INFOPLIST_FILE = RainyRefresh/Info.plist;
				IPHONEOS_DEPLOYMENT_TARGET = 9.0;
				LD_RUNPATH_SEARCH_PATHS = "$(inherited) @executable_path/Frameworks";
				PRODUCT_BUNDLE_IDENTIFIER = com.smallthings.HiredOnPhone.RainyRefresh;
				PRODUCT_NAME = "$(TARGET_NAME)";
				SWIFT_VERSION = 3.0;
			};
			name = Release;
		};
/* End XCBuildConfiguration section */

/* Begin XCConfigurationList section */
		3481E0921DD9EA7F00326856 /* Build configuration list for PBXProject "RainyRefresh" */ = {
			isa = XCConfigurationList;
			buildConfigurations = (
				3481E0A71DD9EA7F00326856 /* Debug */,
				3481E0A81DD9EA7F00326856 /* Release */,
			);
			defaultConfigurationIsVisible = 0;
			defaultConfigurationName = Release;
		};
		3481E0A91DD9EA7F00326856 /* Build configuration list for PBXNativeTarget "RainyRefresh" */ = {
			isa = XCConfigurationList;
			buildConfigurations = (
				3481E0AA1DD9EA7F00326856 /* Debug */,
				3481E0AB1DD9EA7F00326856 /* Release */,
			);
			defaultConfigurationIsVisible = 0;
			defaultConfigurationName = Release;
		};
/* End XCConfigurationList section */
	};
	rootObject = 3481E08F1DD9EA7F00326856 /* Project object */;
}
